
Microsoft Visual Studio Solution File, Format Version 12.00
# Visual Studio Version 17
VisualStudioVersion = 17.7.34024.191
MinimumVisualStudioVersion = 10.0.40219.1
Project("{FAE04EC0-301F-11D3-BF4B-00C04F79EFBC}") = "Loglama", "Loglama\Loglama.csproj", "{9EFCEB2B-5CB5-4E70-A8C9-2C1883E6AAE1}"
EndProject
Global
	GlobalSection(SolutionConfigurationPlatforms) = preSolution
		Debug|Any CPU = Debug|Any CPU
		Release|Any CPU = Release|Any CPU
	EndGlobalSection
	GlobalSection(ProjectConfigurationPlatforms) = postSolution
		{9EFCEB2B-5CB5-4E70-A8C9-2C1883E6AAE1}.Debug|Any CPU.ActiveCfg = Debug|Any CPU
		{9EFCEB2B-5CB5-4E70-A8C9-2C1883E6AAE1}.Debug|Any CPU.Build.0 = Debug|Any CPU
		{9EFCEB2B-5CB5-4E70-A8C9-2C1883E6AAE1}.Release|Any CPU.ActiveCfg = Release|Any CPU
		{9EFCEB2B-5CB5-4E70-A8C9-2C1883E6AAE1}.Release|Any CPU.Build.0 = Release|Any CPU
	EndGlobalSection
	GlobalSection(SolutionProperties) = preSolution
		HideSolutionNode = FALSE
	EndGlobalSection
	GlobalSection(ExtensibilityGlobals) = postSolution
		SolutionGuid = {CF425DCC-3776-448A-80C8-1DCBED7067A4}
	EndGlobalSection
EndGlobal
